
Microsoft Visual Studio Solution File, Format Version 12.00
# Visual Studio Version 17
VisualStudioVersion = 17.7.34031.279
MinimumVisualStudioVersion = 10.0.40219.1
Project("{FAE04EC0-301F-11D3-BF4B-00C04F79EFBC}") = "Lab 5 Gunder OOP", "Lab 5 Gunder OOP\Lab 5 Gunder OOP.csproj", "{67D92AFE-EDFA-4D18-9F1E-FEDA558F789D}"
EndProject
Global
	GlobalSection(SolutionConfigurationPlatforms) = preSolution
		Debug|Any CPU = Debug|Any CPU
		Release|Any CPU = Release|Any CPU
	EndGlobalSection
	GlobalSection(ProjectConfigurationPlatforms) = postSolution
		{67D92AFE-EDFA-4D18-9F1E-FEDA558F789D}.Debug|Any CPU.ActiveCfg = Debug|Any CPU
		{67D92AFE-EDFA-4D18-9F1E-FEDA558F789D}.Debug|Any CPU.Build.0 = Debug|Any CPU
		{67D92AFE-EDFA-4D18-9F1E-FEDA558F789D}.Release|Any CPU.ActiveCfg = Release|Any CPU
		{67D92AFE-EDFA-4D18-9F1E-FEDA558F789D}.Release|Any CPU.Build.0 = Release|Any CPU
	EndGlobalSection
	GlobalSection(SolutionProperties) = preSolution
		HideSolutionNode = FALSE
	EndGlobalSection
	GlobalSection(ExtensibilityGlobals) = postSolution
		SolutionGuid = {57B59675-450B-4679-AE1B-BB12483679E0}
	EndGlobalSection
EndGlobal
